
Microsoft Visual Studio Solution File, Format Version 12.00
# Visual Studio 14
VisualStudioVersion = 14.0.23107.0
MinimumVisualStudioVersion = 10.0.40219.1
Project("{FAE04EC0-301F-11D3-BF4B-00C04F79EFBC}") = "PlasticBackupCore", "PlasticBackupCore\PlasticBackupCore.csproj", "{2D9A1996-C39C-4190-8B6F-4EFC9320CCC0}"
EndProject
Project("{FAE04EC0-301F-11D3-BF4B-00C04F79EFBC}") = "PlasticBackupCLI", "PlasticBackupCLI\PlasticBackupCLI.csproj", "{9F3B4025-EF9C-4D07-B293-C60F8503F245}"
EndProject
Project("{FAE04EC0-301F-11D3-BF4B-00C04F79EFBC}") = "PlasticBackupSQLiteDB", "PlasticBackupDB\PlasticBackupSQLiteDB.csproj", "{A242B530-50A7-4C60-92F3-8703C69C2CBE}"
EndProject
Project("{FAE04EC0-301F-11D3-BF4B-00C04F79EFBC}") = "PlasticBackupSQLiteDB.Test", "PlasticBackupSQLiteDB.Test\PlasticBackupSQLiteDB.Test.csproj", "{F44585C3-9A8F-4AFA-AFA0-9C6DA7654B4D}"
EndProject
Global
	GlobalSection(SolutionConfigurationPlatforms) = preSolution
		Debug|Any CPU = Debug|Any CPU
		Release|Any CPU = Release|Any CPU
	EndGlobalSection
	GlobalSection(ProjectConfigurationPlatforms) = postSolution
		{2D9A1996-C39C-4190-8B6F-4EFC9320CCC0}.Debug|Any CPU.ActiveCfg = Debug|Any CPU
		{2D9A1996-C39C-4190-8B6F-4EFC9320CCC0}.Debug|Any CPU.Build.0 = Debug|Any CPU
		{2D9A1996-C39C-4190-8B6F-4EFC9320CCC0}.Release|Any CPU.ActiveCfg = Release|Any CPU
		{2D9A1996-C39C-4190-8B6F-4EFC9320CCC0}.Release|Any CPU.Build.0 = Release|Any CPU
		{9F3B4025-EF9C-4D07-B293-C60F8503F245}.Debug|Any CPU.ActiveCfg = Debug|Any CPU
		{9F3B4025-EF9C-4D07-B293-C60F8503F245}.Debug|Any CPU.Build.0 = Debug|Any CPU
		{9F3B4025-EF9C-4D07-B293-C60F8503F245}.Release|Any CPU.ActiveCfg = Release|Any CPU
		{9F3B4025-EF9C-4D07-B293-C60F8503F245}.Release|Any CPU.Build.0 = Release|Any CPU
		{A242B530-50A7-4C60-92F3-8703C69C2CBE}.Debug|Any CPU.ActiveCfg = Debug|Any CPU
		{A242B530-50A7-4C60-92F3-8703C69C2CBE}.Debug|Any CPU.Build.0 = Debug|Any CPU
		{A242B530-50A7-4C60-92F3-8703C69C2CBE}.Release|Any CPU.ActiveCfg = Release|Any CPU
		{A242B530-50A7-4C60-92F3-8703C69C2CBE}.Release|Any CPU.Build.0 = Release|Any CPU
		{F44585C3-9A8F-4AFA-AFA0-9C6DA7654B4D}.Debug|Any CPU.ActiveCfg = Debug|Any CPU
		{F44585C3-9A8F-4AFA-AFA0-9C6DA7654B4D}.Debug|Any CPU.Build.0 = Debug|Any CPU
		{F44585C3-9A8F-4AFA-AFA0-9C6DA7654B4D}.Release|Any CPU.ActiveCfg = Release|Any CPU
		{F44585C3-9A8F-4AFA-AFA0-9C6DA7654B4D}.Release|Any CPU.Build.0 = Release|Any CPU
	EndGlobalSection
	GlobalSection(SolutionProperties) = preSolution
		HideSolutionNode = FALSE
	EndGlobalSection
EndGlobal
